
Microsoft Visual Studio Solution File, Format Version 12.00
# Visual Studio Version 16
VisualStudioVersion = 16.0.30517.126
MinimumVisualStudioVersion = 10.0.40219.1
Project("{FAE04EC0-301F-11D3-BF4B-00C04F79EFBC}") = "WindowsForms_Atividades_06Novembro", "WindowsForms_Atividades_06Novembro.csproj", "{7942BB74-A174-4123-9D7D-92D37162BCD7}"
EndProject
Global
	GlobalSection(SolutionConfigurationPlatforms) = preSolution
		Debug|Any CPU = Debug|Any CPU
		Release|Any CPU = Release|Any CPU
	EndGlobalSection
	GlobalSection(ProjectConfigurationPlatforms) = postSolution
		{7942BB74-A174-4123-9D7D-92D37162BCD7}.Debug|Any CPU.ActiveCfg = Debug|Any CPU
		{7942BB74-A174-4123-9D7D-92D37162BCD7}.Debug|Any CPU.Build.0 = Debug|Any CPU
		{7942BB74-A174-4123-9D7D-92D37162BCD7}.Release|Any CPU.ActiveCfg = Release|Any CPU
		{7942BB74-A174-4123-9D7D-92D37162BCD7}.Release|Any CPU.Build.0 = Release|Any CPU
	EndGlobalSection
	GlobalSection(SolutionProperties) = preSolution
		HideSolutionNode = FALSE
	EndGlobalSection
	GlobalSection(ExtensibilityGlobals) = postSolution
		SolutionGuid = {EFCB7963-A0C6-4DBE-9176-05335207B709}
	EndGlobalSection
EndGlobal
