
Microsoft Visual Studio Solution File, Format Version 12.00
# Visual Studio Version 16
VisualStudioVersion = 16.0.30011.22
MinimumVisualStudioVersion = 10.0.40219.1
Project("{FAE04EC0-301F-11D3-BF4B-00C04F79EFBC}") = "AtividadeAula4", "AtividadeAula4\AtividadeAula4.csproj", "{146908A9-3C0D-4225-B027-82B61F10291E}"
EndProject
Global
	GlobalSection(SolutionConfigurationPlatforms) = preSolution
		Debug|Any CPU = Debug|Any CPU
		Release|Any CPU = Release|Any CPU
	EndGlobalSection
	GlobalSection(ProjectConfigurationPlatforms) = postSolution
		{146908A9-3C0D-4225-B027-82B61F10291E}.Debug|Any CPU.ActiveCfg = Debug|Any CPU
		{146908A9-3C0D-4225-B027-82B61F10291E}.Debug|Any CPU.Build.0 = Debug|Any CPU
		{146908A9-3C0D-4225-B027-82B61F10291E}.Release|Any CPU.ActiveCfg = Release|Any CPU
		{146908A9-3C0D-4225-B027-82B61F10291E}.Release|Any CPU.Build.0 = Release|Any CPU
	EndGlobalSection
	GlobalSection(SolutionProperties) = preSolution
		HideSolutionNode = FALSE
	EndGlobalSection
	GlobalSection(ExtensibilityGlobals) = postSolution
		SolutionGuid = {8DE07449-E446-49B4-A7C1-2C644A6D5BD2}
	EndGlobalSection
EndGlobal
