
Microsoft Visual Studio Solution File, Format Version 12.00
# Visual Studio Version 16
VisualStudioVersion = 16.0.30011.22
MinimumVisualStudioVersion = 10.0.40219.1
Project("{FAE04EC0-301F-11D3-BF4B-00C04F79EFBC}") = "Aula_8", "Aula_8\Aula_8.csproj", "{6362B31B-D0C2-4D74-8FD2-4EF0FC09F028}"
EndProject
Global
	GlobalSection(SolutionConfigurationPlatforms) = preSolution
		Debug|Any CPU = Debug|Any CPU
		Release|Any CPU = Release|Any CPU
	EndGlobalSection
	GlobalSection(ProjectConfigurationPlatforms) = postSolution
		{6362B31B-D0C2-4D74-8FD2-4EF0FC09F028}.Debug|Any CPU.ActiveCfg = Debug|Any CPU
		{6362B31B-D0C2-4D74-8FD2-4EF0FC09F028}.Debug|Any CPU.Build.0 = Debug|Any CPU
		{6362B31B-D0C2-4D74-8FD2-4EF0FC09F028}.Release|Any CPU.ActiveCfg = Release|Any CPU
		{6362B31B-D0C2-4D74-8FD2-4EF0FC09F028}.Release|Any CPU.Build.0 = Release|Any CPU
	EndGlobalSection
	GlobalSection(SolutionProperties) = preSolution
		HideSolutionNode = FALSE
	EndGlobalSection
	GlobalSection(ExtensibilityGlobals) = postSolution
		SolutionGuid = {60D33DC4-AEF5-49F2-83DD-8A27F116DF5B}
	EndGlobalSection
EndGlobal
