
Microsoft Visual Studio Solution File, Format Version 12.00
# Visual Studio Version 16
VisualStudioVersion = 16.0.30517.126
MinimumVisualStudioVersion = 10.0.40219.1
Project("{FAE04EC0-301F-11D3-BF4B-00C04F79EFBC}") = "AtividadeForms", "AtividadeForms.csproj", "{E596B1B1-0EFC-4B9E-8D52-7FD2D541340C}"
EndProject
Global
	GlobalSection(SolutionConfigurationPlatforms) = preSolution
		Debug|Any CPU = Debug|Any CPU
		Release|Any CPU = Release|Any CPU
	EndGlobalSection
	GlobalSection(ProjectConfigurationPlatforms) = postSolution
		{E596B1B1-0EFC-4B9E-8D52-7FD2D541340C}.Debug|Any CPU.ActiveCfg = Debug|Any CPU
		{E596B1B1-0EFC-4B9E-8D52-7FD2D541340C}.Debug|Any CPU.Build.0 = Debug|Any CPU
		{E596B1B1-0EFC-4B9E-8D52-7FD2D541340C}.Release|Any CPU.ActiveCfg = Release|Any CPU
		{E596B1B1-0EFC-4B9E-8D52-7FD2D541340C}.Release|Any CPU.Build.0 = Release|Any CPU
	EndGlobalSection
	GlobalSection(SolutionProperties) = preSolution
		HideSolutionNode = FALSE
	EndGlobalSection
	GlobalSection(ExtensibilityGlobals) = postSolution
		SolutionGuid = {1E93B3E1-5980-4C5C-B293-FDAF855C0E92}
	EndGlobalSection
EndGlobal
